
Microsoft Visual Studio Solution File, Format Version 12.00
# Visual Studio Version 16
VisualStudioVersion = 16.0.30621.155
MinimumVisualStudioVersion = 10.0.40219.1
Project("{FAE04EC0-301F-11D3-BF4B-00C04F79EFBC}") = "MusicPlayerApp", "MusicPlayerApp\MusicPlayerApp.csproj", "{AC700F71-57C6-4FFD-8065-A6B01BAB47AC}"
EndProject
Global
	GlobalSection(SolutionConfigurationPlatforms) = preSolution
		Debug|Any CPU = Debug|Any CPU
		Release|Any CPU = Release|Any CPU
	EndGlobalSection
	GlobalSection(ProjectConfigurationPlatforms) = postSolution
		{AC700F71-57C6-4FFD-8065-A6B01BAB47AC}.Debug|Any CPU.ActiveCfg = Debug|Any CPU
		{AC700F71-57C6-4FFD-8065-A6B01BAB47AC}.Debug|Any CPU.Build.0 = Debug|Any CPU
		{AC700F71-57C6-4FFD-8065-A6B01BAB47AC}.Release|Any CPU.ActiveCfg = Release|Any CPU
		{AC700F71-57C6-4FFD-8065-A6B01BAB47AC}.Release|Any CPU.Build.0 = Release|Any CPU
	EndGlobalSection
	GlobalSection(SolutionProperties) = preSolution
		HideSolutionNode = FALSE
	EndGlobalSection
	GlobalSection(ExtensibilityGlobals) = postSolution
		SolutionGuid = {9F147C4D-51FD-4930-8CB8-FB863DCBE41A}
	EndGlobalSection
EndGlobal
